// !$*UTF8*$!
{
	archiveVersion = 1;
	classes = {
	};
	objectVersion = 50;
	objects = {

/* Begin PBXBuildFile section */
		DA97A6B4226C9C6C00F0DC9A /* MainViewController.swift in Sources */ = {isa = PBXBuildFile; fileRef = DA97A6B3226C9C6C00F0DC9A /* MainViewController.swift */; };
		DAAFC7E0225CD6B800CDA656 /* AppDelegate.swift in Sources */ = {isa = PBXBuildFile; fileRef = DAAFC7DF225CD6B800CDA656 /* AppDelegate.swift */; };
		DAAFC7E2225CD6B800CDA656 /* FirstSettingsViewController.swift in Sources */ = {isa = PBXBuildFile; fileRef = DAAFC7E1225CD6B800CDA656 /* FirstSettingsViewController.swift */; };
		DAAFC7E5225CD6B800CDA656 /* Main.storyboard in Resources */ = {isa = PBXBuildFile; fileRef = DAAFC7E3225CD6B800CDA656 /* Main.storyboard */; };
		DAAFC7E7225CD6BA00CDA656 /* Assets.xcassets in Resources */ = {isa = PBXBuildFile; fileRef = DAAFC7E6225CD6BA00CDA656 /* Assets.xcassets */; };
		DAAFC7EA225CD6BA00CDA656 /* LaunchScreen.storyboard in Resources */ = {isa = PBXBuildFile; fileRef = DAAFC7E8225CD6BA00CDA656 /* LaunchScreen.storyboard */; };
		DAE55B14226B237C00BF0F3D /* Model.swift in Sources */ = {isa = PBXBuildFile; fileRef = DAE55B13226B237C00BF0F3D /* Model.swift */; };
/* End PBXBuildFile section */

/* Begin PBXFileReference section */
		DA97A6B3226C9C6C00F0DC9A /* MainViewController.swift */ = {isa = PBXFileReference; lastKnownFileType = sourcecode.swift; path = MainViewController.swift; sourceTree = "<group>"; };
		DAAFC7DC225CD6B800CDA656 /* mealSchedule.app */ = {isa = PBXFileReference; explicitFileType = wrapper.application; includeInIndex = 0; path = mealSchedule.app; sourceTree = BUILT_PRODUCTS_DIR; };
		DAAFC7DF225CD6B800CDA656 /* AppDelegate.swift */ = {isa = PBXFileReference; lastKnownFileType = sourcecode.swift; path = AppDelegate.swift; sourceTree = "<group>"; };
		DAAFC7E1225CD6B800CDA656 /* FirstSettingsViewController.swift */ = {isa = PBXFileReference; lastKnownFileType = sourcecode.swift; path = FirstSettingsViewController.swift; sourceTree = "<group>"; };
		DAAFC7E4225CD6B800CDA656 /* Base */ = {isa = PBXFileReference; lastKnownFileType = file.storyboard; name = Base; path = Base.lproj/Main.storyboard; sourceTree = "<group>"; };
		DAAFC7E6225CD6BA00CDA656 /* Assets.xcassets */ = {isa = PBXFileReference; lastKnownFileType = folder.assetcatalog; path = Assets.xcassets; sourceTree = "<group>"; };
		DAAFC7E9225CD6BA00CDA656 /* Base */ = {isa = PBXFileReference; lastKnownFileType = file.storyboard; name = Base; path = Base.lproj/LaunchScreen.storyboard; sourceTree = "<group>"; };
		DAAFC7EB225CD6BA00CDA656 /* Info.plist */ = {isa = PBXFileReference; lastKnownFileType = text.plist.xml; path = Info.plist; sourceTree = "<group>"; };
		DAE55B13226B237C00BF0F3D /* Model.swift */ = {isa = PBXFileReference; lastKnownFileType = sourcecode.swift; path = Model.swift; sourceTree = "<group>"; };
/* End PBXFileReference section */

/* Begin PBXFrameworksBuildPhase section */
		DAAFC7D9225CD6B800CDA656 /* Frameworks */ = {
			isa = PBXFrameworksBuildPhase;
			buildActionMask = 2147483647;
			files = (
			);
			runOnlyForDeploymentPostprocessing = 0;
		};
/* End PBXFrameworksBuildPhase section */

/* Begin PBXGroup section */
		DA97A6B5226CA06D00F0DC9A /* View Controllers */ = {
			isa = PBXGroup;
			children = (
				DA97A6B3226C9C6C00F0DC9A /* MainViewController.swift */,
				DAAFC7E1225CD6B800CDA656 /* FirstSettingsViewController.swift */,
			);
			path = "View Controllers";
			sourceTree = "<group>";
		};
		DAAFC7D3225CD6B800CDA656 = {
			isa = PBXGroup;
			children = (
				DAAFC7DE225CD6B800CDA656 /* mealSchedule */,
				DAAFC7DD225CD6B800CDA656 /* Products */,
			);
			sourceTree = "<group>";
		};
		DAAFC7DD225CD6B800CDA656 /* Products */ = {
			isa = PBXGroup;
			children = (
				DAAFC7DC225CD6B800CDA656 /* mealSchedule.app */,
			);
			name = Products;
			sourceTree = "<group>";
		};
		DAAFC7DE225CD6B800CDA656 /* mealSchedule */ = {
			isa = PBXGroup;
			children = (
				DA97A6B5226CA06D00F0DC9A /* View Controllers */,
				DAE55B13226B237C00BF0F3D /* Model.swift */,
				DAAFC7DF225CD6B800CDA656 /* AppDelegate.swift */,
				DAAFC7E3225CD6B800CDA656 /* Main.storyboard */,
				DAAFC7E6225CD6BA00CDA656 /* Assets.xcassets */,
				DAAFC7E8225CD6BA00CDA656 /* LaunchScreen.storyboard */,
				DAAFC7EB225CD6BA00CDA656 /* Info.plist */,
			);
			path = mealSchedule;
			sourceTree = "<group>";
		};
/* End PBXGroup section */

/* Begin PBXNativeTarget section */
		DAAFC7DB225CD6B800CDA656 /* mealSchedule */ = {
			isa = PBXNativeTarget;
			buildConfigurationList = DAAFC7EE225CD6BA00CDA656 /* Build configuration list for PBXNativeTarget "mealSchedule" */;
			buildPhases = (
				DAAFC7D8225CD6B800CDA656 /* Sources */,
				DAAFC7D9225CD6B800CDA656 /* Frameworks */,
				DAAFC7DA225CD6B800CDA656 /* Resources */,
			);
			buildRules = (
			);
			dependencies = (
			);
			name = mealSchedule;
			productName = mealSchedule;
			productReference = DAAFC7DC225CD6B800CDA656 /* mealSchedule.app */;
			productType = "com.apple.product-type.application";
		};
/* End PBXNativeTarget section */

/* Begin PBXProject section */
		DAAFC7D4225CD6B800CDA656 /* Project object */ = {
			isa = PBXProject;
			attributes = {
				LastSwiftUpdateCheck = 1020;
				LastUpgradeCheck = 1020;
				ORGANIZATIONNAME = com.ryndinvi;
				TargetAttributes = {
					DAAFC7DB225CD6B800CDA656 = {
						CreatedOnToolsVersion = 10.2;
					};
				};
			};
			buildConfigurationList = DAAFC7D7225CD6B800CDA656 /* Build configuration list for PBXProject "mealSchedule" */;
			compatibilityVersion = "Xcode 9.3";
			developmentRegion = en;
			hasScannedForEncodings = 0;
			knownRegions = (
				en,
				Base,
			);
			mainGroup = DAAFC7D3225CD6B800CDA656;
			productRefGroup = DAAFC7DD225CD6B800CDA656 /* Products */;
			projectDirPath = "";
			projectRoot = "";
			targets = (
				DAAFC7DB225CD6B800CDA656 /* mealSchedule */,
			);
		};
/* End PBXProject section */

/* Begin PBXResourcesBuildPhase section */
		DAAFC7DA225CD6B800CDA656 /* Resources */ = {
			isa = PBXResourcesBuildPhase;
			buildActionMask = 2147483647;
			files = (
				DAAFC7EA225CD6BA00CDA656 /* LaunchScreen.storyboard in Resources */,
				DAAFC7E7225CD6BA00CDA656 /* Assets.xcassets in Resources */,
				DAAFC7E5225CD6B800CDA656 /* Main.storyboard in Resources */,
			);
			runOnlyForDeploymentPostprocessing = 0;
		};
/* End PBXResourcesBuildPhase section */

/* Begin PBXSourcesBuildPhase section */
		DAAFC7D8225CD6B800CDA656 /* Sources */ = {
			isa = PBXSourcesBuildPhase;
			buildActionMask = 2147483647;
			files = (
				DAE55B14226B237C00BF0F3D /* Model.swift in Sources */,
				DAAFC7E2225CD6B800CDA656 /* FirstSettingsViewController.swift in Sources */,
				DAAFC7E0225CD6B800CDA656 /* AppDelegate.swift in Sources */,
				DA97A6B4226C9C6C00F0DC9A /* MainViewController.swift in Sources */,
			);
			runOnlyForDeploymentPostprocessing = 0;
		};
/* End PBXSourcesBuildPhase section */

/* Begin PBXVariantGroup section */
		DAAFC7E3225CD6B800CDA656 /* Main.storyboard */ = {
			isa = PBXVariantGroup;
			children = (
				DAAFC7E4225CD6B800CDA656 /* Base */,
			);
			name = Main.storyboard;
			sourceTree = "<group>";
		};
		DAAFC7E8225CD6BA00CDA656 /* LaunchScreen.storyboard */ = {
			isa = PBXVariantGroup;
			children = (
				DAAFC7E9225CD6BA00CDA656 /* Base */,
			);
			name = LaunchScreen.storyboard;
			sourceTree = "<group>";
		};
/* End PBXVariantGroup section */

/* Begin XCBuildConfiguration section */
		DAAFC7EC225CD6BA00CDA656 /* Debug */ = {
			isa = XCBuildConfiguration;
			buildSettings = {
				ALWAYS_SEARCH_USER_PATHS = NO;
				CLANG_ANALYZER_NONNULL = YES;
				CLANG_ANALYZER_NUMBER_OBJECT_CONVERSION = YES_AGGRESSIVE;
				CLANG_CXX_LANGUAGE_STANDARD = "gnu++14";
				CLANG_CXX_LIBRARY = "libc++";
				CLANG_ENABLE_MODULES = YES;
				CLANG_ENABLE_OBJC_ARC = YES;
				CLANG_ENABLE_OBJC_WEAK = YES;
				CLANG_WARN_BLOCK_CAPTURE_AUTORELEASING = YES;
				CLANG_WARN_BOOL_CONVERSION = YES;
				CLANG_WARN_COMMA = YES;
				CLANG_WARN_CONSTANT_CONVERSION = YES;
				CLANG_WARN_DEPRECATED_OBJC_IMPLEMENTATIONS = YES;
				CLANG_WARN_DIRECT_OBJC_ISA_USAGE = YES_ERROR;
				CLANG_WARN_DOCUMENTATION_COMMENTS = YES;
				CLANG_WARN_EMPTY_BODY = YES;
				CLANG_WARN_ENUM_CONVERSION = YES;
				CLANG_WARN_INFINITE_RECURSION = YES;
				CLANG_WARN_INT_CONVERSION = YES;
				CLANG_WARN_NON_LITERAL_NULL_CONVERSION = YES;
				CLANG_WARN_OBJC_IMPLICIT_RETAIN_SELF = YES;
				CLANG_WARN_OBJC_LITERAL_CONVERSION = YES;
				CLANG_WARN_OBJC_ROOT_CLASS = YES_ERROR;
				CLANG_WARN_RANGE_LOOP_ANALYSIS = YES;
				CLANG_WARN_STRICT_PROTOTYPES = YES;
				CLANG_WARN_SUSPICIOUS_MOVE = YES;
				CLANG_WARN_UNGUARDED_AVAILABILITY = YES_AGGRESSIVE;
				CLANG_WARN_UNREACHABLE_CODE = YES;
				CLANG_WARN__DUPLICATE_METHOD_MATCH = YES;
				CODE_SIGN_IDENTITY = "iPhone Developer";
				COPY_PHASE_STRIP = NO;
				DEBUG_INFORMATION_FORMAT = dwarf;
				ENABLE_STRICT_OBJC_MSGSEND = YES;
				ENABLE_TESTABILITY = YES;
				GCC_C_LANGUAGE_STANDARD = gnu11;
				GCC_DYNAMIC_NO_PIC = NO;
				GCC_NO_COMMON_BLOCKS = YES;
				GCC_OPTIMIZATION_LEVEL = 0;
				GCC_PREPROCESSOR_DEFINITIONS = (
					"DEBUG=1",
					"$(inherited)",
				);
				GCC_WARN_64_TO_32_BIT_CONVERSION = YES;
				GCC_WARN_ABOUT_RETURN_TYPE = YES_ERROR;
				GCC_WARN_UNDECLARED_SELECTOR = YES;
				GCC_WARN_UNINITIALIZED_AUTOS = YES_AGGRESSIVE;
				GCC_WARN_UNUSED_FUNCTION = YES;
				GCC_WARN_UNUSED_VARIABLE = YES;
				IPHONEOS_DEPLOYMENT_TARGET = 12.2;
				MTL_ENABLE_DEBUG_INFO = INCLUDE_SOURCE;
				MTL_FAST_MATH = YES;
				ONLY_ACTIVE_ARCH = YES;
				SDKROOT = iphoneos;
				SWIFT_ACTIVE_COMPILATION_CONDITIONS = DEBUG;
				SWIFT_OPTIMIZATION_LEVEL = "-Onone";
			};
			name = Debug;
		};
		DAAFC7ED225CD6BA00CDA656 /* Release */ = {
			isa = XCBuildConfiguration;
			buildSettings = {
				ALWAYS_SEARCH_USER_PATHS = NO;
				CLANG_ANALYZER_NONNULL = YES;
				CLANG_ANALYZER_NUMBER_OBJECT_CONVERSION = YES_AGGRESSIVE;
				CLANG_CXX_LANGUAGE_STANDARD = "gnu++14";
				CLANG_CXX_LIBRARY = "libc++";
				CLANG_ENABLE_MODULES = YES;
				CLANG_ENABLE_OBJC_ARC = YES;
				CLANG_ENABLE_OBJC_WEAK = YES;
				CLANG_WARN_BLOCK_CAPTURE_AUTORELEASING = YES;
				CLANG_WARN_BOOL_CONVERSION = YES;
				CLANG_WARN_COMMA = YES;
				CLANG_WARN_CONSTANT_CONVERSION = YES;
				CLANG_WARN_DEPRECATED_OBJC_IMPLEMENTATIONS = YES;
				CLANG_WARN_DIRECT_OBJC_ISA_USAGE = YES_ERROR;
				CLANG_WARN_DOCUMENTATION_COMMENTS = YES;
				CLANG_WARN_EMPTY_BODY = YES;
				CLANG_WARN_ENUM_CONVERSION = YES;
				CLANG_WARN_INFINITE_RECURSION = YES;
				CLANG_WARN_INT_CONVERSION = YES;
				CLANG_WARN_NON_LITERAL_NULL_CONVERSION = YES;
				CLANG_WARN_OBJC_IMPLICIT_RETAIN_SELF = YES;
				CLANG_WARN_OBJC_LITERAL_CONVERSION = YES;
				CLANG_WARN_OBJC_ROOT_CLASS = YES_ERROR;
				CLANG_WARN_RANGE_LOOP_ANALYSIS = YES;
				CLANG_WARN_STRICT_PROTOTYPES = YES;
				CLANG_WARN_SUSPICIOUS_MOVE = YES;
				CLANG_WARN_UNGUARDED_AVAILABILITY = YES_AGGRESSIVE;
				CLANG_WARN_UNREACHABLE_CODE = YES;
				CLANG_WARN__DUPLICATE_METHOD_MATCH = YES;
				CODE_SIGN_IDENTITY = "iPhone Developer";
				COPY_PHASE_STRIP = NO;
				DEBUG_INFORMATION_FORMAT = "dwarf-with-dsym";
				ENABLE_NS_ASSERTIONS = NO;
				ENABLE_STRICT_OBJC_MSGSEND = YES;
				GCC_C_LANGUAGE_STANDARD = gnu11;
				GCC_NO_COMMON_BLOCKS = YES;
				GCC_WARN_64_TO_32_BIT_CONVERSION = YES;
				GCC_WARN_ABOUT_RETURN_TYPE = YES_ERROR;
				GCC_WARN_UNDECLARED_SELECTOR = YES;
				GCC_WARN_UNINITIALIZED_AUTOS = YES_AGGRESSIVE;
				GCC_WARN_UNUSED_FUNCTION = YES;
				GCC_WARN_UNUSED_VARIABLE = YES;
				IPHONEOS_DEPLOYMENT_TARGET = 12.2;
				MTL_ENABLE_DEBUG_INFO = NO;
				MTL_FAST_MATH = YES;
				SDKROOT = iphoneos;
				SWIFT_COMPILATION_MODE = wholemodule;
				SWIFT_OPTIMIZATION_LEVEL = "-O";
				VALIDATE_PRODUCT = YES;
			};
			name = Release;
		};
		DAAFC7EF225CD6BA00CDA656 /* Debug */ = {
			isa = XCBuildConfiguration;
			buildSettings = {
				ASSETCATALOG_COMPILER_APPICON_NAME = AppIcon;
				CODE_SIGN_STYLE = Automatic;
				DEVELOPMENT_TEAM = U8VLNNF2C5;
				INFOPLIST_FILE = mealSchedule/Info.plist;
				IPHONEOS_DEPLOYMENT_TARGET = 12.2;
				LD_RUNPATH_SEARCH_PATHS = (
					"$(inherited)",
					"@executable_path/Frameworks",
				);
				PRODUCT_BUNDLE_IDENTIFIER = Ryndincode.mealSchedule;
				PRODUCT_NAME = "$(TARGET_NAME)";
				SWIFT_VERSION = 5.0;
				TARGETED_DEVICE_FAMILY = "1,2";
			};
			name = Debug;
		};
		DAAFC7F0225CD6BA00CDA656 /* Release */ = {
			isa = XCBuildConfiguration;
			buildSettings = {
				ASSETCATALOG_COMPILER_APPICON_NAME = AppIcon;
				CODE_SIGN_STYLE = Automatic;
				DEVELOPMENT_TEAM = U8VLNNF2C5;
				INFOPLIST_FILE = mealSchedule/Info.plist;
				IPHONEOS_DEPLOYMENT_TARGET = 12.2;
				LD_RUNPATH_SEARCH_PATHS = (
					"$(inherited)",
					"@executable_path/Frameworks",
				);
				PRODUCT_BUNDLE_IDENTIFIER = Ryndincode.mealSchedule;
				PRODUCT_NAME = "$(TARGET_NAME)";
				SWIFT_VERSION = 5.0;
				TARGETED_DEVICE_FAMILY = "1,2";
			};
			name = Release;
		};
/* End XCBuildConfiguration section */

/* Begin XCConfigurationList section */
		DAAFC7D7225CD6B800CDA656 /* Build configuration list for PBXProject "mealSchedule" */ = {
			isa = XCConfigurationList;
			buildConfigurations = (
				DAAFC7EC225CD6BA00CDA656 /* Debug */,
				DAAFC7ED225CD6BA00CDA656 /* Release */,
			);
			defaultConfigurationIsVisible = 0;
			defaultConfigurationName = Release;
		};
		DAAFC7EE225CD6BA00CDA656 /* Build configuration list for PBXNativeTarget "mealSchedule" */ = {
			isa = XCConfigurationList;
			buildConfigurations = (
				DAAFC7EF225CD6BA00CDA656 /* Debug */,
				DAAFC7F0225CD6BA00CDA656 /* Release */,
			);
			defaultConfigurationIsVisible = 0;
			defaultConfigurationName = Release;
		};
/* End XCConfigurationList section */
	};
	rootObject = DAAFC7D4225CD6B800CDA656 /* Project object */;
}
